{
    "_readme": [
        "This file locks the dependencies of your project to a known state",
        "Read more about it at http://getcomposer.org/doc/01-basic-usage.md#composer-lock-the-lock-file"
    ],
    "hash": "85860fe2987827dd90f068ce55d01dd0",
    "packages": [
        {
            "name": "eloquent/composer-npm-bridge",
            "version": "dev-Magomogo-check-dev-requires",
            "source": {
                "type": "git",
                "url": "https://github.com/eloquent/composer-npm-bridge.git",
                "reference": "aefd9b95f2bccc8f412904b09214cc1a14eef08b"
            },
            "dist": {
                "type": "zip",
                "url": "https://api.github.com/repos/eloquent/composer-npm-bridge/zipball/aefd9b95f2bccc8f412904b09214cc1a14eef08b",
                "reference": "aefd9b95f2bccc8f412904b09214cc1a14eef08b",
                "shasum": ""
            },
            "require": {
                "composer-plugin-api": "1.0.0",
                "icecave/isolator": "~2",
                "php": ">=5.3"
            },
            "require-dev": {
                "composer/composer": "dev-master@dev",
                "icecave/archer": "~1"
            },
            "type": "composer-plugin",
            "extra": {
                "class": "Eloquent\\Composer\\NpmBridge\\NpmBridgePlugin"
            },
            "autoload": {
                "psr-4": {
                    "Eloquent\\Composer\\NpmBridge\\": "src"
                }
            },
            "notification-url": "https://packagist.org/downloads/",
            "license": [
                "MIT"
            ],
            "authors": [
                {
                    "name": "Erin Millard",
                    "email": "ezzatron@gmail.com",
                    "homepage": "http://ezzatron.com/"
                }
            ],
            "description": "NPM integration for Composer packages.",
            "homepage": "https://github.com/eloquent/composer-npm-bridge",
            "keywords": [
                "Bridge",
                "composer",
                "composer-plugin",
                "integration",
                "npm",
                "package",
                "plugin"
            ],
            "time": "2014-02-12 03:45:24"
        },
        {
            "name": "ezzatron/composer-npm-bridge-fixture-dependency",
            "version": "dev-master",
            "source": {
                "type": "git",
                "url": "https://github.com/ezzatron/composer-npm-bridge-fixture-dependency.git",
                "reference": "fc86cd64418b5227a98f385cfea72a28c50a323c"
            },
            "dist": {
                "type": "zip",
                "url": "https://api.github.com/repos/ezzatron/composer-npm-bridge-fixture-dependency/zipball/fc86cd64418b5227a98f385cfea72a28c50a323c",
                "reference": "fc86cd64418b5227a98f385cfea72a28c50a323c",
                "shasum": ""
            },
            "require": {
                "eloquent/composer-npm-bridge": "dev-Magomogo-check-dev-requires@dev"
            },
            "type": "library",
            "support": {
                "source": "https://github.com/ezzatron/composer-npm-bridge-fixture-dependency/tree/master",
                "issues": "https://github.com/ezzatron/composer-npm-bridge-fixture-dependency/issues"
            },
            "time": "2014-02-12 03:49:00"
        },
        {
            "name": "icecave/isolator",
            "version": "2.2.0",
            "source": {
                "type": "git",
                "url": "https://github.com/IcecaveStudios/isolator.git",
                "reference": "2f3fbfcee90790fb3ddde9d4288a2a927cdf6dd6"
            },
            "dist": {
                "type": "zip",
                "url": "https://api.github.com/repos/IcecaveStudios/isolator/zipball/2f3fbfcee90790fb3ddde9d4288a2a927cdf6dd6",
                "reference": "2f3fbfcee90790fb3ddde9d4288a2a927cdf6dd6",
                "shasum": ""
            },
            "require": {
                "php": ">=5.3"
            },
            "require-dev": {
                "icecave/archer": "~0.4"
            },
            "type": "library",
            "autoload": {
                "psr-0": {
                    "Icecave\\Isolator": "lib"
                }
            },
            "notification-url": "https://packagist.org/downloads/",
            "license": [
                "MIT"
            ],
            "authors": [
                {
                    "name": "James Harris",
                    "email": "james.harris@icecave.com.au",
                    "homepage": "https://github.com/jmalloc"
                }
            ],
            "description": "Isolate PHP tests from the global environment.",
            "homepage": "https://github.com/IcecaveStudios/isolator",
            "keywords": [
                "fake",
                "mock",
                "phake",
                "phpunit",
                "test",
                "unit"
            ],
            "time": "2013-06-04 05:00:29"
        }
    ],
    "packages-dev": [

    ],
    "aliases": [

    ],
    "minimum-stability": "stable",
    "stability-flags": {
        "ezzatron/composer-npm-bridge-fixture-dependency": 20,
        "eloquent/composer-npm-bridge": 20
    },
    "platform": [

    ],
    "platform-dev": [

    ]
}
