{
    "_readme": [
        "This file locks the dependencies of your project to a known state",
        "Read more about it at https://getcomposer.org/doc/01-basic-usage.md#installing-dependencies",
        "This file is @generated automatically"
    ],
    "content-hash": "a3963e74f0b2ae28bf39936965dff829",
    "packages": [
        {
            "name": "eloquent/composer-npm-bridge",
            "version": "dev-composer-2",
            "source": {
                "type": "git",
                "url": "https://github.com/eloquent/composer-npm-bridge.git",
                "reference": "876f3fd5836bc42075e00b6339aac11edc1c1527"
            },
            "dist": {
                "type": "zip",
                "url": "https://api.github.com/repos/eloquent/composer-npm-bridge/zipball/876f3fd5836bc42075e00b6339aac11edc1c1527",
                "reference": "876f3fd5836bc42075e00b6339aac11edc1c1527",
                "shasum": ""
            },
            "require": {
                "composer-plugin-api": "^2",
                "php": ">=7.2"
            },
            "require-dev": {
                "composer/composer": "^2",
                "eloquent/code-style": "^1",
                "eloquent/phony-phpunit": "^6",
                "errors/exceptions": "^0.2",
                "friendsofphp/php-cs-fixer": "^2",
                "phpunit/phpunit": "^8"
            },
            "type": "composer-plugin",
            "extra": {
                "class": "Eloquent\\Composer\\NpmBridge\\NpmBridgePlugin"
            },
            "autoload": {
                "psr-4": {
                    "Eloquent\\Composer\\NpmBridge\\": "src"
                }
            },
            "notification-url": "https://packagist.org/downloads/",
            "license": [
                "MIT"
            ],
            "authors": [
                {
                    "name": "Erin Millard",
                    "email": "ezzatron@gmail.com",
                    "homepage": "http://ezzatron.com/"
                }
            ],
            "description": "NPM integration for Composer packages.",
            "homepage": "https://github.com/eloquent/composer-npm-bridge",
            "keywords": [
                "Bridge",
                "composer",
                "composer-plugin",
                "integration",
                "npm",
                "package",
                "plugin"
            ],
            "support": {
                "issues": "https://github.com/eloquent/composer-npm-bridge/issues",
                "source": "https://github.com/eloquent/composer-npm-bridge/tree/composer-2"
            },
            "time": "2020-11-22T23:38:25+00:00"
        },
        {
            "name": "ezzatron/composer-npm-bridge-fixture-dependency",
            "version": "dev-master",
            "source": {
                "type": "git",
                "url": "https://github.com/ezzatron/composer-npm-bridge-fixture-dependency.git",
                "reference": "97e52ff414da4b16c4a48356b6d23ee19d193681"
            },
            "dist": {
                "type": "zip",
                "url": "https://api.github.com/repos/ezzatron/composer-npm-bridge-fixture-dependency/zipball/97e52ff414da4b16c4a48356b6d23ee19d193681",
                "reference": "97e52ff414da4b16c4a48356b6d23ee19d193681",
                "shasum": ""
            },
            "require": {
                "eloquent/composer-npm-bridge": "dev-composer-2"
            },
            "default-branch": true,
            "type": "library",
            "support": {
                "source": "https://github.com/ezzatron/composer-npm-bridge-fixture-dependency/tree/master",
                "issues": "https://github.com/ezzatron/composer-npm-bridge-fixture-dependency/issues"
            },
            "time": "2020-11-23T00:12:13+00:00"
        }
    ],
    "packages-dev": [],
    "aliases": [],
    "minimum-stability": "stable",
    "stability-flags": {
        "ezzatron/composer-npm-bridge-fixture-dependency": 20,
        "eloquent/composer-npm-bridge": 20
    },
    "prefer-stable": false,
    "prefer-lowest": false,
    "platform": [],
    "platform-dev": [],
    "plugin-api-version": "2.0.0"
}
